Microsoft Visual Studio Solution File, Format Version 12.00
# Visual Studio Version 17
VisualStudioVersion = 17.5.33424.131
MinimumVisualStudioVersion = 10.0.40219.1
Project("{9A19103F-16F7-4668-BE54-9A1E7A4F7556}") = "Sat.Recruitment.Api", "Sat.Recruitment.Api\Sat.Recruitment.Api.csproj", "{1F342EA2-E7B1-4E53-AB93-9C62288D3FB0}"
EndProject
Project("{9A19103F-16F7-4668-BE54-9A1E7A4F7556}") = "Sat.Recruitment.Test", "Sat.Recruitment.Test\Sat.Recruitment.Test.csproj", "{42E696E9-2672-4B91-AD96-353A69F7219C}"
EndProject
Project("{FAE04EC0-301F-11D3-BF4B-00C04F79EFBC}") = "Sat.Recruitment.Domain", "Sat.Recruitment.Domain\Sat.Recruitment.Domain.csproj", "{02AA9291-64BB-4AF3-80EE-B7BF38B18B97}"
EndProject
Project("{FAE04EC0-301F-11D3-BF4B-00C04F79EFBC}") = "Sat.Recruitment.Application", "Sat.Recruitment.Application\Sat.Recruitment.Application.csproj", "{7D355581-57E7-4A6A-B542-71E63B08BA61}"
EndProject
Project("{FAE04EC0-301F-11D3-BF4B-00C04F79EFBC}") = "Sat.Recruitment.Infrastructure", "Sat.Recruitment.Infrastructure\Sat.Recruitment.Infrastructure.csproj", "{10094FAF-455B-4459-A739-BE54CBD9BCE7}"
EndProject
Global
	GlobalSection(SolutionConfigurationPlatforms) = preSolution
		Debug|Any CPU = Debug|Any CPU
		Release|Any CPU = Release|Any CPU
	EndGlobalSection
	GlobalSection(ProjectConfigurationPlatforms) = postSolution
		{1F342EA2-E7B1-4E53-AB93-9C62288D3FB0}.Debug|Any CPU.ActiveCfg = Debug|Any CPU
		{1F342EA2-E7B1-4E53-AB93-9C62288D3FB0}.Debug|Any CPU.Build.0 = Debug|Any CPU
		{1F342EA2-E7B1-4E53-AB93-9C62288D3FB0}.Release|Any CPU.ActiveCfg = Release|Any CPU
		{1F342EA2-E7B1-4E53-AB93-9C62288D3FB0}.Release|Any CPU.Build.0 = Release|Any CPU
		{42E696E9-2672-4B91-AD96-353A69F7219C}.Debug|Any CPU.ActiveCfg = Debug|Any CPU
		{42E696E9-2672-4B91-AD96-353A69F7219C}.Debug|Any CPU.Build.0 = Debug|Any CPU
		{42E696E9-2672-4B91-AD96-353A69F7219C}.Release|Any CPU.ActiveCfg = Release|Any CPU
		{42E696E9-2672-4B91-AD96-353A69F7219C}.Release|Any CPU.Build.0 = Release|Any CPU
		{02AA9291-64BB-4AF3-80EE-B7BF38B18B97}.Debug|Any CPU.ActiveCfg = Debug|Any CPU
		{02AA9291-64BB-4AF3-80EE-B7BF38B18B97}.Debug|Any CPU.Build.0 = Debug|Any CPU
		{02AA9291-64BB-4AF3-80EE-B7BF38B18B97}.Release|Any CPU.ActiveCfg = Release|Any CPU
		{02AA9291-64BB-4AF3-80EE-B7BF38B18B97}.Release|Any CPU.Build.0 = Release|Any CPU
		{7D355581-57E7-4A6A-B542-71E63B08BA61}.Debug|Any CPU.ActiveCfg = Debug|Any CPU
		{7D355581-57E7-4A6A-B542-71E63B08BA61}.Debug|Any CPU.Build.0 = Debug|Any CPU
		{7D355581-57E7-4A6A-B542-71E63B08BA61}.Release|Any CPU.ActiveCfg = Release|Any CPU
		{7D355581-57E7-4A6A-B542-71E63B08BA61}.Release|Any CPU.Build.0 = Release|Any CPU
		{10094FAF-455B-4459-A739-BE54CBD9BCE7}.Debug|Any CPU.ActiveCfg = Debug|Any CPU
		{10094FAF-455B-4459-A739-BE54CBD9BCE7}.Debug|Any CPU.Build.0 = Debug|Any CPU
		{10094FAF-455B-4459-A739-BE54CBD9BCE7}.Release|Any CPU.ActiveCfg = Release|Any CPU
		{10094FAF-455B-4459-A739-BE54CBD9BCE7}.Release|Any CPU.Build.0 = Release|Any CPU
	EndGlobalSection
	GlobalSection(SolutionProperties) = preSolution
		HideSolutionNode = FALSE
	EndGlobalSection
	GlobalSection(ExtensibilityGlobals) = postSolution
		SolutionGuid = {A2A05765-05B9-484D-8D3D-506849EB716F}
	EndGlobalSection
EndGlobal
